
Microsoft Visual Studio Solution File, Format Version 12.00
# Visual Studio 15
VisualStudioVersion = 15.0.28010.2016
MinimumVisualStudioVersion = 10.0.40219.1
Project("{FAE04EC0-301F-11D3-BF4B-00C04F79EFBC}") = "TestSampleApp", "TestSampleApp\TestSampleApp.csproj", "{24B18B75-C48A-4FF7-9779-6D4E8985904C}"
EndProject
Global
	GlobalSection(SolutionConfigurationPlatforms) = preSolution
		Debug|Any CPU = Debug|Any CPU
		Release|Any CPU = Release|Any CPU
	EndGlobalSection
	GlobalSection(ProjectConfigurationPlatforms) = postSolution
		{24B18B75-C48A-4FF7-9779-6D4E8985904C}.Debug|Any CPU.ActiveCfg = Debug|Any CPU
		{24B18B75-C48A-4FF7-9779-6D4E8985904C}.Debug|Any CPU.Build.0 = Debug|Any CPU
		{24B18B75-C48A-4FF7-9779-6D4E8985904C}.Release|Any CPU.ActiveCfg = Release|Any CPU
		{24B18B75-C48A-4FF7-9779-6D4E8985904C}.Release|Any CPU.Build.0 = Release|Any CPU
	EndGlobalSection
	GlobalSection(SolutionProperties) = preSolution
		HideSolutionNode = FALSE
	EndGlobalSection
	GlobalSection(ExtensibilityGlobals) = postSolution
		SolutionGuid = {EE09A9D8-B8E3-4BFC-86BC-E3C158388D40}
	EndGlobalSection
EndGlobal
